// !$*UTF8*$!
{
	archiveVersion = 1;
	classes = {
	};
	objectVersion = 42;
	objects = {

/* Begin PBXBuildFile section */
		069D05B0128AE5DC7EE31738 /* QtCore.framework in Frameworks & Libraries */ = {isa = PBXBuildFile; fileRef = 7BC2E65A5E699A5E5D834CA2 /* QtCore.framework */; };
		083E673CCB41A7580D6832E2 /* Materiau.cpp in Build Sources */ = {isa = PBXBuildFile; fileRef = 7B6924F4C00C5FF3BF07EDAB /* Materiau.cpp */; settings = {ATTRIBUTES = (); }; };
		2B093CA6F071B023A473CED0 /* main.cpp in Build Sources */ = {isa = PBXBuildFile; fileRef = 118FCBAABA162BA17933C789 /* main.cpp */; settings = {ATTRIBUTES = (); }; };
		2BE68FE5BFFFFE7DFBA2BCFF /* Ressource_Manager.cpp in Build Sources */ = {isa = PBXBuildFile; fileRef = 63A71F0396A860CE7CBEDBB3 /* Ressource_Manager.cpp */; settings = {ATTRIBUTES = (); }; };
		501667F26B3C1FF6767A7C12 /* QtGui.framework in Frameworks & Libraries */ = {isa = PBXBuildFile; fileRef = 9B36DA7E32F0304E780E7972 /* QtGui.framework */; };
		75D0F8D0CA62AC7581496651 /* moc_AGHMainWindow.cpp in Build Sources */ = {isa = PBXBuildFile; fileRef = 3D59B329847D11D39938A61A /* moc_AGHMainWindow.cpp */; settings = {ATTRIBUTES = (); }; };
		7A84D3527CDBE4ACA07ADBED /* quaternion.cpp in Build Sources */ = {isa = PBXBuildFile; fileRef = 2B156BC23D7CB8F577E690A4 /* quaternion.cpp */; settings = {ATTRIBUTES = (); }; };
		83A54C38F64B5D25693EE751 /* AGHMainWindow.cpp in Build Sources */ = {isa = PBXBuildFile; fileRef = 3953BB2C418A4FC3A509B2A0 /* AGHMainWindow.cpp */; settings = {ATTRIBUTES = (); }; };
		847107C39767EA13E736E7C4 /* chargeur_collada.cpp in Build Sources */ = {isa = PBXBuildFile; fileRef = 5DFB187AD23BA7A9F31AED76 /* chargeur_collada.cpp */; settings = {ATTRIBUTES = (); }; };
		8D77D43D53608B83886CF8F3 /* tinyxmlparser.cpp in Build Sources */ = {isa = PBXBuildFile; fileRef = 1B9CA6CC435147B4724A114A /* tinyxmlparser.cpp */; settings = {ATTRIBUTES = (); }; };
		99462E35DB24BA825A511E82 /* tinyxml.cpp in Build Sources */ = {isa = PBXBuildFile; fileRef = 49D9C83E2508C9FE317D3400 /* tinyxml.cpp */; settings = {ATTRIBUTES = (); }; };
		9E09192A4085AF6848AB2CA4 /* tinystr.cpp in Build Sources */ = {isa = PBXBuildFile; fileRef = 0C50C8E3414050AE2AED9E70 /* tinystr.cpp */; settings = {ATTRIBUTES = (); }; };
		9E32B87812BA63270012D2B5 /* Aye1.app in Project Copy */ = {isa = PBXBuildFile; fileRef = 9E32B87512BA63270012D2B5 /* Aye1.app */; };
		BAB939ADCFDA8D233A76ADF2 /* tinyxmlerror.cpp in Build Sources */ = {isa = PBXBuildFile; fileRef = 072D9D491BC84A88180880D8 /* tinyxmlerror.cpp */; settings = {ATTRIBUTES = (); }; };
		BACF3C4C5F969688B67981A5 /* Chargeur_MD3.cpp in Build Sources */ = {isa = PBXBuildFile; fileRef = 337C1C6FE464FE7DEF2922B6 /* Chargeur_MD3.cpp */; settings = {ATTRIBUTES = (); }; };
		C53BB4F11BB41ED1664F1C0F /* Mesh.cpp in Build Sources */ = {isa = PBXBuildFile; fileRef = 832890885F63E4B04BC9FA86 /* Mesh.cpp */; settings = {ATTRIBUTES = (); }; };
		D712E2724CB574C26A7EE1E9 /* Vecteur3D.cpp in Build Sources */ = {isa = PBXBuildFile; fileRef = E68664E6E4EDD5CE856FA4A2 /* Vecteur3D.cpp */; settings = {ATTRIBUTES = (); }; };
		F126E72C7665AD11ABF15223 /* Chargeur_BMP.cpp in Build Sources */ = {isa = PBXBuildFile; fileRef = 471442C7F4B17D88513698D4 /* Chargeur_BMP.cpp */; settings = {ATTRIBUTES = (); }; };
		F83B917214407264EFE7BA68 /* AGHFile.cpp in Build Sources */ = {isa = PBXBuildFile; fileRef = A097E4A08933A61501B2246D /* AGHFile.cpp */; settings = {ATTRIBUTES = (); }; };
/* End PBXBuildFile section */

/* Begin PBXCopyFilesBuildPhase section */
		F6069D5A5DA8AA28EDB8B3C6 /* Project Copy */ = {
			isa = PBXCopyFilesBuildPhase;
			buildActionMask = 2147483647;
			dstPath = /Users/aye1/Dev/RV/Aye1;
			dstSubfolderSpec = 0;
			files = (
				9E32B87812BA63270012D2B5 /* Aye1.app in Project Copy */,
			);
			name = "Project Copy";
			runOnlyForDeploymentPostprocessing = 0;
		};
/* End PBXCopyFilesBuildPhase section */

/* Begin PBXFileReference section */
		0483BB2079ADC3936E07B79B /* debug.h */ = {isa = PBXFileReference; lastKnownFileType = sourcecode.c.h; path = debug.h; sourceTree = "<group>"; };
		072D9D491BC84A88180880D8 /* tinyxmlerror.cpp */ = {isa = PBXFileReference; lastKnownFileType = sourcecode.cpp.cpp; name = tinyxmlerror.cpp; path = dependencies/tinyxmlerror.cpp; sourceTree = "<group>"; };
		0C50C8E3414050AE2AED9E70 /* tinystr.cpp */ = {isa = PBXFileReference; lastKnownFileType = sourcecode.cpp.cpp; name = tinystr.cpp; path = dependencies/tinystr.cpp; sourceTree = "<group>"; };
		118FCBAABA162BA17933C789 /* main.cpp */ = {isa = PBXFileReference; lastKnownFileType = sourcecode.cpp.cpp; path = main.cpp; sourceTree = "<group>"; };
		1B9CA6CC435147B4724A114A /* tinyxmlparser.cpp */ = {isa = PBXFileReference; lastKnownFileType = sourcecode.cpp.cpp; name = tinyxmlparser.cpp; path = dependencies/tinyxmlparser.cpp; sourceTree = "<group>"; };
		1BA696E1F3E42FD01AA882AE /* Vecteur3D.h */ = {isa = PBXFileReference; lastKnownFileType = sourcecode.c.h; path = Vecteur3D.h; sourceTree = "<group>"; };
		288E40392650F11CBAC6A4F3 /* Mesh.h */ = {isa = PBXFileReference; lastKnownFileType = sourcecode.c.h; path = Mesh.h; sourceTree = "<group>"; };
		2B156BC23D7CB8F577E690A4 /* quaternion.cpp */ = {isa = PBXFileReference; lastKnownFileType = sourcecode.cpp.cpp; path = quaternion.cpp; sourceTree = "<group>"; };
		337C1C6FE464FE7DEF2922B6 /* Chargeur_MD3.cpp */ = {isa = PBXFileReference; lastKnownFileType = sourcecode.cpp.cpp; path = Chargeur_MD3.cpp; sourceTree = "<group>"; };
		3953BB2C418A4FC3A509B2A0 /* AGHMainWindow.cpp */ = {isa = PBXFileReference; lastKnownFileType = sourcecode.cpp.cpp; path = AGHMainWindow.cpp; sourceTree = "<group>"; };
		3D59B329847D11D39938A61A /* moc_AGHMainWindow.cpp */ = {isa = PBXFileReference; lastKnownFileType = sourcecode.cpp.cpp; path = moc_AGHMainWindow.cpp; sourceTree = "<group>"; };
		471442C7F4B17D88513698D4 /* Chargeur_BMP.cpp */ = {isa = PBXFileReference; lastKnownFileType = sourcecode.cpp.cpp; path = Chargeur_BMP.cpp; sourceTree = "<group>"; };
		49D9C83E2508C9FE317D3400 /* tinyxml.cpp */ = {isa = PBXFileReference; lastKnownFileType = sourcecode.cpp.cpp; name = tinyxml.cpp; path = dependencies/tinyxml.cpp; sourceTree = "<group>"; };
		4CEF6D91E5C6EC5413785629 /* quaternion.h */ = {isa = PBXFileReference; lastKnownFileType = sourcecode.c.h; path = quaternion.h; sourceTree = "<group>"; };
		542098ADFB1ABAB352BA6F12 /* tinyxml.h */ = {isa = PBXFileReference; lastKnownFileType = sourcecode.c.h; name = tinyxml.h; path = dependencies/tinyxml.h; sourceTree = "<group>"; };
		576B940D3F5D6BC499095462 /* Aye1.pro */ = {isa = PBXFileReference; lastKnownFileType = text; path = Aye1.pro; sourceTree = "<group>"; };
		5DFB187AD23BA7A9F31AED76 /* chargeur_collada.cpp */ = {isa = PBXFileReference; lastKnownFileType = sourcecode.cpp.cpp; path = chargeur_collada.cpp; sourceTree = "<group>"; };
		63A71F0396A860CE7CBEDBB3 /* Ressource_Manager.cpp */ = {isa = PBXFileReference; lastKnownFileType = sourcecode.cpp.cpp; path = Ressource_Manager.cpp; sourceTree = "<group>"; };
		6AC4259A4ACE3BEDD5375EBA /* AGHFile.h */ = {isa = PBXFileReference; lastKnownFileType = sourcecode.c.h; path = AGHFile.h; sourceTree = "<group>"; };
		7009290185B386476D2C0C0D /* Lumiere.h */ = {isa = PBXFileReference; lastKnownFileType = sourcecode.c.h; path = Lumiere.h; sourceTree = "<group>"; };
		710FD4D0C02904387F951AE7 /* chargeur_collada.h */ = {isa = PBXFileReference; lastKnownFileType = sourcecode.c.h; path = chargeur_collada.h; sourceTree = "<group>"; };
		7B6924F4C00C5FF3BF07EDAB /* Materiau.cpp */ = {isa = PBXFileReference; lastKnownFileType = sourcecode.cpp.cpp; path = Materiau.cpp; sourceTree = "<group>"; };
		7BC2E65A5E699A5E5D834CA2 /* QtCore.framework */ = {isa = PBXFileReference; lastKnownFileType = wrapper.framework; name = QtCore.framework; path = /Library/Frameworks/QtCore.framework; sourceTree = "<absolute>"; };
		83016E161038AA0596E5DB39 /* Ressource_Manager.h */ = {isa = PBXFileReference; lastKnownFileType = sourcecode.c.h; path = Ressource_Manager.h; sourceTree = "<group>"; };
		832890885F63E4B04BC9FA86 /* Mesh.cpp */ = {isa = PBXFileReference; lastKnownFileType = sourcecode.cpp.cpp; path = Mesh.cpp; sourceTree = "<group>"; };
		8B3B942C1A33D88D2CB4FAD4 /* ui_AGHMainWindow.h */ = {isa = PBXFileReference; lastKnownFileType = sourcecode.c.h; path = ui_AGHMainWindow.h; sourceTree = "<group>"; };
		9B36DA7E32F0304E780E7972 /* QtGui.framework */ = {isa = PBXFileReference; lastKnownFileType = wrapper.framework; name = QtGui.framework; path = /Library/Frameworks/QtGui.framework; sourceTree = "<absolute>"; };
		9DF2F461DB2B45795801306F /* Materiau.h */ = {isa = PBXFileReference; lastKnownFileType = sourcecode.c.h; path = Materiau.h; sourceTree = "<group>"; };
		9E32B87512BA63270012D2B5 /* Aye1.app */ = {isa = PBXFileReference; explicitFileType = wrapper.application; includeInIndex = 0; path = Aye1.app; sourceTree = BUILT_PRODUCTS_DIR; };
		A097E4A08933A61501B2246D /* AGHFile.cpp */ = {isa = PBXFileReference; lastKnownFileType = sourcecode.cpp.cpp; path = AGHFile.cpp; sourceTree = "<group>"; };
		BA040D4EA25C9A0F92FE5D48 /* Chargeur_BMP.h */ = {isa = PBXFileReference; lastKnownFileType = sourcecode.c.h; path = Chargeur_BMP.h; sourceTree = "<group>"; };
		C57A446753C5DB363021DB6E /* AGHMainWindow.ui */ = {isa = PBXFileReference; lastKnownFileType = text.xml; path = AGHMainWindow.ui; sourceTree = "<group>"; };
		CE5B38C6754E960089F8D9FB /* Chargeur_MD3.h */ = {isa = PBXFileReference; lastKnownFileType = sourcecode.c.h; path = Chargeur_MD3.h; sourceTree = "<group>"; };
		E68664E6E4EDD5CE856FA4A2 /* Vecteur3D.cpp */ = {isa = PBXFileReference; lastKnownFileType = sourcecode.cpp.cpp; path = Vecteur3D.cpp; sourceTree = "<group>"; };
		E878C030144017A4DB533451 /* AGHMainWindow.h */ = {isa = PBXFileReference; lastKnownFileType = sourcecode.c.h; path = AGHMainWindow.h; sourceTree = "<group>"; };
		F3B99BCC2F5672D500D40310 /* Couleur.h */ = {isa = PBXFileReference; lastKnownFileType = sourcecode.c.h; path = Couleur.h; sourceTree = "<group>"; };
		F982DB1F88287AE08009CBAC /* tinystr.h */ = {isa = PBXFileReference; lastKnownFileType = sourcecode.c.h; name = tinystr.h; path = dependencies/tinystr.h; sourceTree = "<group>"; };
/* End PBXFileReference section */

/* Begin PBXFrameworksBuildPhase section */
		2A1043669E6E5A7426EA502A /* Frameworks & Libraries */ = {
			isa = PBXFrameworksBuildPhase;
			buildActionMask = 2147483647;
			files = (
				501667F26B3C1FF6767A7C12 /* QtGui.framework in Frameworks & Libraries */,
				069D05B0128AE5DC7EE31738 /* QtCore.framework in Frameworks & Libraries */,
			);
			name = "Frameworks & Libraries";
			runOnlyForDeploymentPostprocessing = 0;
		};
/* End PBXFrameworksBuildPhase section */

/* Begin PBXGroup section */
		05596AB53D8D521C69802C27 /* Aye1 */ = {
			isa = PBXGroup;
			children = (
				FB61758D0F0FDA4BA867C3D5 /* Sources */,
				46E892BBB6BB6952967E0561 /* Temporary Sources */,
				883D7615C4D2DE3FA1218F12 /* Headers */,
				7CABE3C80E79AD2B307756D2 /* Sources [qmake] */,
				EEC299C65D5017EB9DD513B0 /* Sources [UIC] */,
				ED1E82605DD74B483AF3C982 /* External Frameworks and Libraries */,
				9E32B87612BA63270012D2B5 /* Products */,
			);
			name = Aye1;
			sourceTree = "<group>";
		};
		0BE274BEBAACAF2C3C4FF81D /* dependencies */ = {
			isa = PBXGroup;
			children = (
				0C50C8E3414050AE2AED9E70 /* tinystr.cpp */,
				49D9C83E2508C9FE317D3400 /* tinyxml.cpp */,
				072D9D491BC84A88180880D8 /* tinyxmlerror.cpp */,
				1B9CA6CC435147B4724A114A /* tinyxmlparser.cpp */,
			);
			name = dependencies;
			sourceTree = "<group>";
		};
		46E892BBB6BB6952967E0561 /* Temporary Sources */ = {
			isa = PBXGroup;
			children = (
				3D59B329847D11D39938A61A /* moc_AGHMainWindow.cpp */,
				8B3B942C1A33D88D2CB4FAD4 /* ui_AGHMainWindow.h */,
			);
			name = "Temporary Sources";
			sourceTree = "<group>";
		};
		647DD38960A963958467C498 /* dependencies */ = {
			isa = PBXGroup;
			children = (
				F982DB1F88287AE08009CBAC /* tinystr.h */,
				542098ADFB1ABAB352BA6F12 /* tinyxml.h */,
			);
			name = dependencies;
			sourceTree = "<group>";
		};
		7CABE3C80E79AD2B307756D2 /* Sources [qmake] */ = {
			isa = PBXGroup;
			children = (
				576B940D3F5D6BC499095462 /* Aye1.pro */,
			);
			name = "Sources [qmake]";
			sourceTree = "<group>";
		};
		883D7615C4D2DE3FA1218F12 /* Headers */ = {
			isa = PBXGroup;
			children = (
				6AC4259A4ACE3BEDD5375EBA /* AGHFile.h */,
				E878C030144017A4DB533451 /* AGHMainWindow.h */,
				BA040D4EA25C9A0F92FE5D48 /* Chargeur_BMP.h */,
				710FD4D0C02904387F951AE7 /* chargeur_collada.h */,
				CE5B38C6754E960089F8D9FB /* Chargeur_MD3.h */,
				F3B99BCC2F5672D500D40310 /* Couleur.h */,
				0483BB2079ADC3936E07B79B /* debug.h */,
				7009290185B386476D2C0C0D /* Lumiere.h */,
				9DF2F461DB2B45795801306F /* Materiau.h */,
				288E40392650F11CBAC6A4F3 /* Mesh.h */,
				4CEF6D91E5C6EC5413785629 /* quaternion.h */,
				83016E161038AA0596E5DB39 /* Ressource_Manager.h */,
				1BA696E1F3E42FD01AA882AE /* Vecteur3D.h */,
				647DD38960A963958467C498 /* dependencies */,
			);
			name = Headers;
			sourceTree = "<group>";
		};
		9E32B87612BA63270012D2B5 /* Products */ = {
			isa = PBXGroup;
			children = (
				9E32B87512BA63270012D2B5 /* Aye1.app */,
			);
			name = Products;
			sourceTree = "<group>";
		};
		ED1E82605DD74B483AF3C982 /* External Frameworks and Libraries */ = {
			isa = PBXGroup;
			children = (
				9B36DA7E32F0304E780E7972 /* QtGui.framework */,
				7BC2E65A5E699A5E5D834CA2 /* QtCore.framework */,
			);
			name = "External Frameworks and Libraries";
			sourceTree = "<group>";
		};
		EEC299C65D5017EB9DD513B0 /* Sources [UIC] */ = {
			isa = PBXGroup;
			children = (
				C57A446753C5DB363021DB6E /* AGHMainWindow.ui */,
			);
			name = "Sources [UIC]";
			sourceTree = "<group>";
		};
		FB61758D0F0FDA4BA867C3D5 /* Sources */ = {
			isa = PBXGroup;
			children = (
				A097E4A08933A61501B2246D /* AGHFile.cpp */,
				3953BB2C418A4FC3A509B2A0 /* AGHMainWindow.cpp */,
				471442C7F4B17D88513698D4 /* Chargeur_BMP.cpp */,
				5DFB187AD23BA7A9F31AED76 /* chargeur_collada.cpp */,
				337C1C6FE464FE7DEF2922B6 /* Chargeur_MD3.cpp */,
				118FCBAABA162BA17933C789 /* main.cpp */,
				7B6924F4C00C5FF3BF07EDAB /* Materiau.cpp */,
				832890885F63E4B04BC9FA86 /* Mesh.cpp */,
				2B156BC23D7CB8F577E690A4 /* quaternion.cpp */,
				63A71F0396A860CE7CBEDBB3 /* Ressource_Manager.cpp */,
				E68664E6E4EDD5CE856FA4A2 /* Vecteur3D.cpp */,
				0BE274BEBAACAF2C3C4FF81D /* dependencies */,
			);
			name = Sources;
			sourceTree = "<group>";
		};
/* End PBXGroup section */

/* Begin PBXNativeTarget section */
		30698D4B4AC5D36EC966A7A1 /* Aye1 */ = {
			isa = PBXNativeTarget;
			buildConfigurationList = 9E32B88812BA633E0012D2B5 /* Build configuration list for PBXNativeTarget "Aye1" */;
			buildPhases = (
				D7BA7D76DAB5DD13389D6332 /* Qt Qmake */,
				A0A52A2ADF7A1E2A99738674 /* Qt Preprocessors */,
				F6069D5A5DA8AA28EDB8B3C6 /* Project Copy */,
				C29B8785722055ED95EF7B57 /* Build Sources */,
				2A1043669E6E5A7426EA502A /* Frameworks & Libraries */,
				3787F99312C85FF0073FD7BA /* Bundle Resources */,
			);
			buildRules = (
			);
			dependencies = (
			);
			name = Aye1;
			productName = Aye1;
			productReference = 9E32B87512BA63270012D2B5 /* Aye1.app */;
			productType = "com.apple.product-type.application";
		};
/* End PBXNativeTarget section */

/* Begin PBXProject section */
		91B15E841AA80083484172DE /* Project object */ = {
			isa = PBXProject;
			buildConfigurationList = 2A951308CDB28F104D0A4BD2 /* Build configuration list for PBXProject "Aye1" */;
			compatibilityVersion = "Xcode 2.4";
			hasScannedForEncodings = 1;
			mainGroup = 05596AB53D8D521C69802C27 /* Aye1 */;
			productRefGroup = 9E32B87612BA63270012D2B5 /* Products */;
			projectDirPath = "";
			projectRoot = "";
			targets = (
				30698D4B4AC5D36EC966A7A1 /* Aye1 */,
			);
		};
/* End PBXProject section */

/* Begin PBXResourcesBuildPhase section */
		3787F99312C85FF0073FD7BA /* Bundle Resources */ = {
			isa = PBXResourcesBuildPhase;
			buildActionMask = 2147483647;
			files = (
			);
			name = "Bundle Resources";
			runOnlyForDeploymentPostprocessing = 0;
		};
/* End PBXResourcesBuildPhase section */

/* Begin PBXShellScriptBuildPhase section */
		A0A52A2ADF7A1E2A99738674 /* Qt Preprocessors */ = {
			isa = PBXShellScriptBuildPhase;
			buildActionMask = 2147483647;
			files = (
			);
			name = "Qt Preprocessors";
			runOnlyForDeploymentPostprocessing = 0;
			shellPath = /bin/sh;
			shellScript = "make -C /Users/aye1/Dev/RV/Aye1 -f Aye1.xcodeproj/qt_preprocess.mak";
		};
		D7BA7D76DAB5DD13389D6332 /* Qt Qmake */ = {
			isa = PBXShellScriptBuildPhase;
			buildActionMask = 2147483647;
			files = (
			);
			name = "Qt Qmake";
			runOnlyForDeploymentPostprocessing = 0;
			shellPath = /bin/sh;
			shellScript = "make -C /Users/aye1/Dev/RV/Aye1 -f Aye1.xcodeproj/qt_makeqmake.mak";
		};
/* End PBXShellScriptBuildPhase section */

/* Begin PBXSourcesBuildPhase section */
		C29B8785722055ED95EF7B57 /* Build Sources */ = {
			isa = PBXSourcesBuildPhase;
			buildActionMask = 2147483647;
			files = (
				F83B917214407264EFE7BA68 /* AGHFile.cpp in Build Sources */,
				83A54C38F64B5D25693EE751 /* AGHMainWindow.cpp in Build Sources */,
				F126E72C7665AD11ABF15223 /* Chargeur_BMP.cpp in Build Sources */,
				847107C39767EA13E736E7C4 /* chargeur_collada.cpp in Build Sources */,
				BACF3C4C5F969688B67981A5 /* Chargeur_MD3.cpp in Build Sources */,
				2B093CA6F071B023A473CED0 /* main.cpp in Build Sources */,
				083E673CCB41A7580D6832E2 /* Materiau.cpp in Build Sources */,
				C53BB4F11BB41ED1664F1C0F /* Mesh.cpp in Build Sources */,
				7A84D3527CDBE4ACA07ADBED /* quaternion.cpp in Build Sources */,
				2BE68FE5BFFFFE7DFBA2BCFF /* Ressource_Manager.cpp in Build Sources */,
				D712E2724CB574C26A7EE1E9 /* Vecteur3D.cpp in Build Sources */,
				9E09192A4085AF6848AB2CA4 /* tinystr.cpp in Build Sources */,
				99462E35DB24BA825A511E82 /* tinyxml.cpp in Build Sources */,
				BAB939ADCFDA8D233A76ADF2 /* tinyxmlerror.cpp in Build Sources */,
				8D77D43D53608B83886CF8F3 /* tinyxmlparser.cpp in Build Sources */,
				75D0F8D0CA62AC7581496651 /* moc_AGHMainWindow.cpp in Build Sources */,
			);
			name = "Build Sources";
			runOnlyForDeploymentPostprocessing = 0;
		};
/* End PBXSourcesBuildPhase section */

/* Begin XCBuildConfiguration section */
		8DB1DD96F65B1BF1FFC506E0 /* Debug */ = {
			isa = XCBuildConfiguration;
			buildSettings = {
				COPY_PHASE_STRIP = NO;
				GCC_GENERATE_DEBUGGING_SYMBOLS = YES;
				GCC_OPTIMIZATION_LEVEL = 0;
			};
			name = Debug;
		};
		95E1EB2E5DDD587BE5B3E548 /* Release */ = {
			isa = XCBuildConfiguration;
			buildSettings = {
				COPY_PHASE_STRIP = YES;
				GCC_GENERATE_DEBUGGING_SYMBOLS = NO;
			};
			name = Release;
		};
		9E32B87F12BA63290012D2B5 /* Debug */ = {
			isa = XCBuildConfiguration;
			buildSettings = {
				ARCHS = i386;
				BUILD_ROOT = /Users/aye1/Dev/RV/Aye1;
				COPY_PHASE_STRIP = NO;
				DYLIB_COMPATIBILITY_VERSION = 1.0;
				DYLIB_CURRENT_VERSION = 1.0.0;
				GCC_GENERATE_DEBUGGING_SYMBOLS = YES;
				GCC_OPTIMIZATION_LEVEL = 0;
				HEADER_SEARCH_PATHS = (
					/Library/Frameworks/QtCore.framework/Versions/4/Headers,
					/usr/include/QtCore,
					/Library/Frameworks/QtGui.framework/Versions/4/Headers,
					/usr/include/QtGui,
					/usr/include,
					.,
					dependencies,
					.,
					.,
					/usr/local/include,
					/System/Library/Frameworks/CarbonCore.framework/Headers,
					"/usr/local/Qt4.6/mkspecs/macx-xcode",
				);
				INFOPLIST_FILE = Info.plist;
				LEXFLAGS = "";
				LIBRARY_SEARCH_PATHS = /Library/Frameworks;
				MACOSX_DEPLOYMENT_TARGET = 10.4;
				OTHER_CFLAGS = (
					"-pipe",
					"-g",
					"-Wall",
					"-W",
					"-DQT_GUI_LIB",
					"-DQT_CORE_LIB",
					"-DQT_SHARED",
				);
				OTHER_CPLUSPLUSFLAGS = (
					"-pipe",
					"-g",
					"-Wall",
					"-W",
					"-DQT_GUI_LIB",
					"-DQT_CORE_LIB",
					"-DQT_SHARED",
				);
				OTHER_LDFLAGS = (
					"-headerpad_max_install_names",
					"-L/Library/Frameworks",
					"-F/Library/Frameworks",
				);
				OTHER_REZFLAGS = "";
				PREBINDING = NO;
				PRODUCT_NAME = Aye1;
				SECTORDER_FLAGS = "";
				WARNING_CFLAGS = "";
				YACCFLAGS = "-d";
			};
			name = Debug;
		};
		9E32B88012BA63290012D2B5 /* Release */ = {
			isa = XCBuildConfiguration;
			buildSettings = {
				ARCHS = i386;
				BUILD_ROOT = /Users/aye1/Dev/RV/Aye1;
				COPY_PHASE_STRIP = YES;
				DYLIB_COMPATIBILITY_VERSION = 1.0;
				DYLIB_CURRENT_VERSION = 1.0.0;
				GCC_GENERATE_DEBUGGING_SYMBOLS = NO;
				HEADER_SEARCH_PATHS = (
					/Library/Frameworks/QtCore.framework/Versions/4/Headers,
					/usr/include/QtCore,
					/Library/Frameworks/QtGui.framework/Versions/4/Headers,
					/usr/include/QtGui,
					/usr/include,
					.,
					dependencies,
					.,
					.,
					/usr/local/include,
					/System/Library/Frameworks/CarbonCore.framework/Headers,
					"/usr/local/Qt4.6/mkspecs/macx-xcode",
				);
				INFOPLIST_FILE = Info.plist;
				LEXFLAGS = "";
				LIBRARY_SEARCH_PATHS = /Library/Frameworks;
				MACOSX_DEPLOYMENT_TARGET = 10.4;
				OTHER_CFLAGS = (
					"-pipe",
					"-g",
					"-Wall",
					"-W",
					"-DQT_GUI_LIB",
					"-DQT_CORE_LIB",
					"-DQT_SHARED",
				);
				OTHER_CPLUSPLUSFLAGS = (
					"-pipe",
					"-g",
					"-Wall",
					"-W",
					"-DQT_GUI_LIB",
					"-DQT_CORE_LIB",
					"-DQT_SHARED",
				);
				OTHER_LDFLAGS = (
					"-headerpad_max_install_names",
					"-L/Library/Frameworks",
					"-F/Library/Frameworks",
				);
				OTHER_REZFLAGS = "";
				PREBINDING = NO;
				PRODUCT_NAME = Aye1;
				SECTORDER_FLAGS = "";
				WARNING_CFLAGS = "";
				YACCFLAGS = "-d";
			};
			name = Release;
		};
		9E32B88112BA63290012D2B5 /* Default */ = {
			isa = XCBuildConfiguration;
			buildSettings = {
				ARCHS = i386;
				BUILD_ROOT = /Users/aye1/Dev/RV/Aye1;
				DYLIB_COMPATIBILITY_VERSION = 1.0;
				DYLIB_CURRENT_VERSION = 1.0.0;
				HEADER_SEARCH_PATHS = (
					/Library/Frameworks/QtCore.framework/Versions/4/Headers,
					/usr/include/QtCore,
					/Library/Frameworks/QtGui.framework/Versions/4/Headers,
					/usr/include/QtGui,
					/usr/include,
					.,
					dependencies,
					.,
					.,
					/usr/local/include,
					/System/Library/Frameworks/CarbonCore.framework/Headers,
					"/usr/local/Qt4.6/mkspecs/macx-xcode",
				);
				INFOPLIST_FILE = Info.plist;
				LEXFLAGS = "";
				LIBRARY_SEARCH_PATHS = /Library/Frameworks;
				MACOSX_DEPLOYMENT_TARGET = 10.4;
				OTHER_CFLAGS = (
					"-pipe",
					"-g",
					"-Wall",
					"-W",
					"-DQT_GUI_LIB",
					"-DQT_CORE_LIB",
					"-DQT_SHARED",
				);
				OTHER_CPLUSPLUSFLAGS = (
					"-pipe",
					"-g",
					"-Wall",
					"-W",
					"-DQT_GUI_LIB",
					"-DQT_CORE_LIB",
					"-DQT_SHARED",
				);
				OTHER_LDFLAGS = (
					"-headerpad_max_install_names",
					"-L/Library/Frameworks",
					"-F/Library/Frameworks",
				);
				OTHER_REZFLAGS = "";
				PREBINDING = NO;
				PRODUCT_NAME = Aye1;
				SECTORDER_FLAGS = "";
				WARNING_CFLAGS = "";
				YACCFLAGS = "-d";
			};
			name = Default;
		};
/* End XCBuildConfiguration section */

/* Begin XCConfigurationList section */
		2A951308CDB28F104D0A4BD2 /* Build configuration list for PBXProject "Aye1" */ = {
			isa = XCConfigurationList;
			buildConfigurations = (
				8DB1DD96F65B1BF1FFC506E0 /* Debug */,
				95E1EB2E5DDD587BE5B3E548 /* Release */,
			);
			defaultConfigurationIsVisible = 0;
			defaultConfigurationName = Release;
		};
		9E32B88812BA633E0012D2B5 /* Build configuration list for PBXNativeTarget "Aye1" */ = {
			isa = XCConfigurationList;
			buildConfigurations = (
				9E32B87F12BA63290012D2B5 /* Debug */,
				9E32B88012BA63290012D2B5 /* Release */,
				9E32B88112BA63290012D2B5 /* Default */,
			);
			defaultConfigurationIsVisible = 0;
			defaultConfigurationName = Default;
		};
/* End XCConfigurationList section */
	};
	rootObject = 91B15E841AA80083484172DE /* Project object */;
}
