// !$*UTF8*$!
{
	archiveVersion = 1;
	classes = {
	};
	objectVersion = 42;
	objects = {

/* Begin PBXBuildFile section */
		069D05B0128AE5DC7EE31738 /* QtCore.framework in Frameworks & Libraries */ = {isa = PBXBuildFile; fileRef = 7BC2E65A5E699A5E5D834CA2 /* QtCore.framework */; };
		2B093CA6F071B023A473CED0 /* main.cpp in Build Sources */ = {isa = PBXBuildFile; fileRef = 118FCBAABA162BA17933C789 /* main.cpp */; settings = {ATTRIBUTES = (); }; };
		501667F26B3C1FF6767A7C12 /* QtGui.framework in Frameworks & Libraries */ = {isa = PBXBuildFile; fileRef = 9B36DA7E32F0304E780E7972 /* QtGui.framework */; };
		75D0F8D0CA62AC7581496651 /* moc_AGHMainWindow.cpp in Build Sources */ = {isa = PBXBuildFile; fileRef = 3D59B329847D11D39938A61A /* moc_AGHMainWindow.cpp */; settings = {ATTRIBUTES = (); }; };
		83A54C38F64B5D25693EE751 /* AGHMainWindow.cpp in Build Sources */ = {isa = PBXBuildFile; fileRef = 3953BB2C418A4FC3A509B2A0 /* AGHMainWindow.cpp */; settings = {ATTRIBUTES = (); }; };
		9EAAFB1812A7DB870059956B /* Aye1.app in Project Copy */ = {isa = PBXBuildFile; fileRef = 9EAAFB1512A7DB870059956B /* Aye1.app */; };
		9EE51B6512B4F41800B4D01A /* test.wav in Bundle Resources */ = {isa = PBXBuildFile; fileRef = 9EE51B6412B4F41800B4D01A /* test.wav */; };
		9EE51B9A12B4F74F00B4D01A /* do.wav in Bundle Resources */ = {isa = PBXBuildFile; fileRef = 9EE51B9912B4F74F00B4D01A /* do.wav */; };
		9EE51B9F12B4F91800B4D01A /* fa.wav in Bundle Resources */ = {isa = PBXBuildFile; fileRef = 9EE51B9B12B4F91700B4D01A /* fa.wav */; };
		9EE51BA012B4F91800B4D01A /* mi.wav in Bundle Resources */ = {isa = PBXBuildFile; fileRef = 9EE51B9C12B4F91800B4D01A /* mi.wav */; };
		9EE51BA112B4F91800B4D01A /* re.wav in Bundle Resources */ = {isa = PBXBuildFile; fileRef = 9EE51B9D12B4F91800B4D01A /* re.wav */; };
		9EE51BA212B4F91800B4D01A /* sol.wav in Bundle Resources */ = {isa = PBXBuildFile; fileRef = 9EE51B9E12B4F91800B4D01A /* sol.wav */; };
		9EE51C0812B510EA00B4D01A /* QGLViewer.framework in Frameworks & Libraries */ = {isa = PBXBuildFile; fileRef = 9EE51C0712B510EA00B4D01A /* QGLViewer.framework */; };
		F83B917214407264EFE7BA68 /* AGHFile.cpp in Build Sources */ = {isa = PBXBuildFile; fileRef = A097E4A08933A61501B2246D /* AGHFile.cpp */; settings = {ATTRIBUTES = (); }; };
/* End PBXBuildFile section */

/* Begin PBXCopyFilesBuildPhase section */
		F6069D5A5DA8AA28EDB8B3C6 /* Project Copy */ = {
			isa = PBXCopyFilesBuildPhase;
			buildActionMask = 2147483647;
			dstPath = /Users/aye1/Dev/RV/Aye1;
			dstSubfolderSpec = 0;
			files = (
				9EAAFB1812A7DB870059956B /* Aye1.app in Project Copy */,
			);
			name = "Project Copy";
			runOnlyForDeploymentPostprocessing = 0;
		};
/* End PBXCopyFilesBuildPhase section */

/* Begin PBXFileReference section */
		118FCBAABA162BA17933C789 /* main.cpp */ = {isa = PBXFileReference; lastKnownFileType = sourcecode.cpp.cpp; path = main.cpp; sourceTree = "<group>"; };
		3953BB2C418A4FC3A509B2A0 /* AGHMainWindow.cpp */ = {isa = PBXFileReference; lastKnownFileType = sourcecode.cpp.cpp; path = AGHMainWindow.cpp; sourceTree = "<group>"; };
		3D59B329847D11D39938A61A /* moc_AGHMainWindow.cpp */ = {isa = PBXFileReference; lastKnownFileType = sourcecode.cpp.cpp; path = moc_AGHMainWindow.cpp; sourceTree = "<group>"; };
		576B940D3F5D6BC499095462 /* Aye1.pro */ = {isa = PBXFileReference; lastKnownFileType = text; path = Aye1.pro; sourceTree = "<group>"; };
		6AC4259A4ACE3BEDD5375EBA /* AGHFile.h */ = {isa = PBXFileReference; lastKnownFileType = sourcecode.c.h; path = AGHFile.h; sourceTree = "<group>"; };
		7BC2E65A5E699A5E5D834CA2 /* QtCore.framework */ = {isa = PBXFileReference; lastKnownFileType = wrapper.framework; name = QtCore.framework; path = /Library/Frameworks/QtCore.framework; sourceTree = "<absolute>"; };
		9B36DA7E32F0304E780E7972 /* QtGui.framework */ = {isa = PBXFileReference; lastKnownFileType = wrapper.framework; name = QtGui.framework; path = /Library/Frameworks/QtGui.framework; sourceTree = "<absolute>"; };
		9EAAFB1512A7DB870059956B /* Aye1.app */ = {isa = PBXFileReference; explicitFileType = wrapper.application; includeInIndex = 0; path = Aye1.app; sourceTree = BUILT_PRODUCTS_DIR; };
		9EE51B6412B4F41800B4D01A /* test.wav */ = {isa = PBXFileReference; lastKnownFileType = audio.wav; path = test.wav; sourceTree = "<group>"; };
		9EE51B9912B4F74F00B4D01A /* do.wav */ = {isa = PBXFileReference; lastKnownFileType = audio.wav; path = do.wav; sourceTree = "<group>"; };
		9EE51B9B12B4F91700B4D01A /* fa.wav */ = {isa = PBXFileReference; lastKnownFileType = audio.wav; path = fa.wav; sourceTree = "<group>"; };
		9EE51B9C12B4F91800B4D01A /* mi.wav */ = {isa = PBXFileReference; lastKnownFileType = audio.wav; path = mi.wav; sourceTree = "<group>"; };
		9EE51B9D12B4F91800B4D01A /* re.wav */ = {isa = PBXFileReference; lastKnownFileType = audio.wav; path = re.wav; sourceTree = "<group>"; };
		9EE51B9E12B4F91800B4D01A /* sol.wav */ = {isa = PBXFileReference; lastKnownFileType = audio.wav; path = sol.wav; sourceTree = "<group>"; };
		9EE51C0712B510EA00B4D01A /* QGLViewer.framework */ = {isa = PBXFileReference; lastKnownFileType = wrapper.framework; name = QGLViewer.framework; path = /Library/Frameworks/QGLViewer.framework; sourceTree = "<absolute>"; };
		A097E4A08933A61501B2246D /* AGHFile.cpp */ = {isa = PBXFileReference; lastKnownFileType = sourcecode.cpp.cpp; path = AGHFile.cpp; sourceTree = "<group>"; };
		E878C030144017A4DB533451 /* AGHMainWindow.h */ = {isa = PBXFileReference; lastKnownFileType = sourcecode.c.h; path = AGHMainWindow.h; sourceTree = "<group>"; };
/* End PBXFileReference section */

/* Begin PBXFrameworksBuildPhase section */
		2A1043669E6E5A7426EA502A /* Frameworks & Libraries */ = {
			isa = PBXFrameworksBuildPhase;
			buildActionMask = 2147483647;
			files = (
				501667F26B3C1FF6767A7C12 /* QtGui.framework in Frameworks & Libraries */,
				069D05B0128AE5DC7EE31738 /* QtCore.framework in Frameworks & Libraries */,
				9EE51C0812B510EA00B4D01A /* QGLViewer.framework in Frameworks & Libraries */,
			);
			name = "Frameworks & Libraries";
			runOnlyForDeploymentPostprocessing = 0;
		};
/* End PBXFrameworksBuildPhase section */

/* Begin PBXGroup section */
		05596AB53D8D521C69802C27 /* Aye1 */ = {
			isa = PBXGroup;
			children = (
				9EE51B6312B4F40900B4D01A /* Resources */,
				FB61758D0F0FDA4BA867C3D5 /* Sources */,
				46E892BBB6BB6952967E0561 /* Temporary Sources */,
				883D7615C4D2DE3FA1218F12 /* Headers */,
				7CABE3C80E79AD2B307756D2 /* Sources [qmake] */,
				ED1E82605DD74B483AF3C982 /* External Frameworks and Libraries */,
				9EAAFB1612A7DB870059956B /* Products */,
			);
			name = Aye1;
			sourceTree = "<group>";
		};
		46E892BBB6BB6952967E0561 /* Temporary Sources */ = {
			isa = PBXGroup;
			children = (
				3D59B329847D11D39938A61A /* moc_AGHMainWindow.cpp */,
			);
			name = "Temporary Sources";
			sourceTree = "<group>";
		};
		7CABE3C80E79AD2B307756D2 /* Sources [qmake] */ = {
			isa = PBXGroup;
			children = (
				576B940D3F5D6BC499095462 /* Aye1.pro */,
			);
			name = "Sources [qmake]";
			sourceTree = "<group>";
		};
		883D7615C4D2DE3FA1218F12 /* Headers */ = {
			isa = PBXGroup;
			children = (
				6AC4259A4ACE3BEDD5375EBA /* AGHFile.h */,
				E878C030144017A4DB533451 /* AGHMainWindow.h */,
			);
			name = Headers;
			sourceTree = "<group>";
		};
		9EAAFB1612A7DB870059956B /* Products */ = {
			isa = PBXGroup;
			children = (
				9EAAFB1512A7DB870059956B /* Aye1.app */,
			);
			name = Products;
			sourceTree = "<group>";
		};
		9EE51B6312B4F40900B4D01A /* Resources */ = {
			isa = PBXGroup;
			children = (
				9EE51B9812B4F73900B4D01A /* Audio */,
			);
			name = Resources;
			sourceTree = "<group>";
		};
		9EE51B9812B4F73900B4D01A /* Audio */ = {
			isa = PBXGroup;
			children = (
				9EE51B9B12B4F91700B4D01A /* fa.wav */,
				9EE51B9C12B4F91800B4D01A /* mi.wav */,
				9EE51B9D12B4F91800B4D01A /* re.wav */,
				9EE51B9E12B4F91800B4D01A /* sol.wav */,
				9EE51B9912B4F74F00B4D01A /* do.wav */,
				9EE51B6412B4F41800B4D01A /* test.wav */,
			);
			name = Audio;
			sourceTree = "<group>";
		};
		ED1E82605DD74B483AF3C982 /* External Frameworks and Libraries */ = {
			isa = PBXGroup;
			children = (
				9B36DA7E32F0304E780E7972 /* QtGui.framework */,
				7BC2E65A5E699A5E5D834CA2 /* QtCore.framework */,
				9EE51C0712B510EA00B4D01A /* QGLViewer.framework */,
			);
			name = "External Frameworks and Libraries";
			sourceTree = "<group>";
		};
		FB61758D0F0FDA4BA867C3D5 /* Sources */ = {
			isa = PBXGroup;
			children = (
				A097E4A08933A61501B2246D /* AGHFile.cpp */,
				3953BB2C418A4FC3A509B2A0 /* AGHMainWindow.cpp */,
				118FCBAABA162BA17933C789 /* main.cpp */,
			);
			name = Sources;
			sourceTree = "<group>";
		};
/* End PBXGroup section */

/* Begin PBXNativeTarget section */
		30698D4B4AC5D36EC966A7A1 /* Aye1 */ = {
			isa = PBXNativeTarget;
			buildConfigurationList = 9EAAFB2E12A7DB910059956B /* Build configuration list for PBXNativeTarget "Aye1" */;
			buildPhases = (
				D7BA7D76DAB5DD13389D6332 /* Qt Qmake */,
				A0A52A2ADF7A1E2A99738674 /* Qt Preprocessors */,
				F6069D5A5DA8AA28EDB8B3C6 /* Project Copy */,
				C29B8785722055ED95EF7B57 /* Build Sources */,
				2A1043669E6E5A7426EA502A /* Frameworks & Libraries */,
				3787F99312C85FF0073FD7BA /* Bundle Resources */,
			);
			buildRules = (
			);
			dependencies = (
			);
			name = Aye1;
			productName = Aye1;
			productReference = 9EAAFB1512A7DB870059956B /* Aye1.app */;
			productType = "com.apple.product-type.application";
		};
/* End PBXNativeTarget section */

/* Begin PBXProject section */
		91B15E841AA80083484172DE /* Project object */ = {
			isa = PBXProject;
			buildConfigurationList = 2A951308CDB28F104D0A4BD2 /* Build configuration list for PBXProject "Aye1" */;
			compatibilityVersion = "Xcode 2.4";
			hasScannedForEncodings = 1;
			mainGroup = 05596AB53D8D521C69802C27 /* Aye1 */;
			productRefGroup = 9EAAFB1612A7DB870059956B /* Products */;
			projectDirPath = "";
			projectRoot = "";
			targets = (
				30698D4B4AC5D36EC966A7A1 /* Aye1 */,
			);
		};
/* End PBXProject section */

/* Begin PBXResourcesBuildPhase section */
		3787F99312C85FF0073FD7BA /* Bundle Resources */ = {
			isa = PBXResourcesBuildPhase;
			buildActionMask = 2147483647;
			files = (
				9EE51B6512B4F41800B4D01A /* test.wav in Bundle Resources */,
				9EE51B9A12B4F74F00B4D01A /* do.wav in Bundle Resources */,
				9EE51B9F12B4F91800B4D01A /* fa.wav in Bundle Resources */,
				9EE51BA012B4F91800B4D01A /* mi.wav in Bundle Resources */,
				9EE51BA112B4F91800B4D01A /* re.wav in Bundle Resources */,
				9EE51BA212B4F91800B4D01A /* sol.wav in Bundle Resources */,
			);
			name = "Bundle Resources";
			runOnlyForDeploymentPostprocessing = 0;
		};
/* End PBXResourcesBuildPhase section */

/* Begin PBXShellScriptBuildPhase section */
		A0A52A2ADF7A1E2A99738674 /* Qt Preprocessors */ = {
			isa = PBXShellScriptBuildPhase;
			buildActionMask = 2147483647;
			files = (
			);
			name = "Qt Preprocessors";
			runOnlyForDeploymentPostprocessing = 0;
			shellPath = /bin/sh;
			shellScript = "make -C /Users/aye1/Dev/RV/Aye1 -f Aye1.xcodeproj/qt_preprocess.mak";
		};
		D7BA7D76DAB5DD13389D6332 /* Qt Qmake */ = {
			isa = PBXShellScriptBuildPhase;
			buildActionMask = 2147483647;
			files = (
			);
			name = "Qt Qmake";
			runOnlyForDeploymentPostprocessing = 0;
			shellPath = /bin/sh;
			shellScript = "make -C /Users/aye1/Dev/RV/Aye1 -f Aye1.xcodeproj/qt_makeqmake.mak";
		};
/* End PBXShellScriptBuildPhase section */

/* Begin PBXSourcesBuildPhase section */
		C29B8785722055ED95EF7B57 /* Build Sources */ = {
			isa = PBXSourcesBuildPhase;
			buildActionMask = 2147483647;
			files = (
				F83B917214407264EFE7BA68 /* AGHFile.cpp in Build Sources */,
				83A54C38F64B5D25693EE751 /* AGHMainWindow.cpp in Build Sources */,
				2B093CA6F071B023A473CED0 /* main.cpp in Build Sources */,
				75D0F8D0CA62AC7581496651 /* moc_AGHMainWindow.cpp in Build Sources */,
			);
			name = "Build Sources";
			runOnlyForDeploymentPostprocessing = 0;
		};
/* End PBXSourcesBuildPhase section */

/* Begin XCBuildConfiguration section */
		8DB1DD96F65B1BF1FFC506E0 /* Debug */ = {
			isa = XCBuildConfiguration;
			buildSettings = {
				COPY_PHASE_STRIP = NO;
				GCC_GENERATE_DEBUGGING_SYMBOLS = YES;
				GCC_OPTIMIZATION_LEVEL = 0;
			};
			name = Debug;
		};
		95E1EB2E5DDD587BE5B3E548 /* Release */ = {
			isa = XCBuildConfiguration;
			buildSettings = {
				COPY_PHASE_STRIP = YES;
				GCC_GENERATE_DEBUGGING_SYMBOLS = NO;
			};
			name = Release;
		};
		9EAAFB1D12A7DB870059956B /* Debug */ = {
			isa = XCBuildConfiguration;
			buildSettings = {
				ARCHS = i386;
				BUILD_ROOT = /Users/aye1/Dev/RV/Aye1;
				COPY_PHASE_STRIP = NO;
				DYLIB_COMPATIBILITY_VERSION = 1.0;
				DYLIB_CURRENT_VERSION = 1.0.0;
				GCC_GENERATE_DEBUGGING_SYMBOLS = YES;
				GCC_OPTIMIZATION_LEVEL = 0;
				HEADER_SEARCH_PATHS = (
					/Library/Frameworks/QtCore.framework/Versions/4/Headers,
					/usr/include/QtCore,
					/Library/Frameworks/QtGui.framework/Versions/4/Headers,
					/usr/include/QtGui,
					/usr/include,
					.,
					.,
					/usr/local/include,
					/System/Library/Frameworks/CarbonCore.framework/Headers,
					"/usr/local/Qt4.6/mkspecs/macx-xcode",
				);
				INFOPLIST_FILE = Info.plist;
				LEXFLAGS = "";
				LIBRARY_SEARCH_PATHS = /Library/Frameworks;
				MACOSX_DEPLOYMENT_TARGET = 10.4;
				OTHER_CFLAGS = (
					"-pipe",
					"-g",
					"-Wall",
					"-W",
					"-DQT_GUI_LIB",
					"-DQT_CORE_LIB",
					"-DQT_SHARED",
				);
				OTHER_CPLUSPLUSFLAGS = (
					"-pipe",
					"-g",
					"-Wall",
					"-W",
					"-DQT_GUI_LIB",
					"-DQT_CORE_LIB",
					"-DQT_SHARED",
				);
				OTHER_LDFLAGS = (
					"-headerpad_max_install_names",
					"-L/Library/Frameworks",
					"-F/Library/Frameworks",
				);
				OTHER_REZFLAGS = "";
				PREBINDING = NO;
				PRODUCT_NAME = Aye1;
				SECTORDER_FLAGS = "";
				WARNING_CFLAGS = "";
				YACCFLAGS = "-d";
			};
			name = Debug;
		};
		9EAAFB1E12A7DB870059956B /* Release */ = {
			isa = XCBuildConfiguration;
			buildSettings = {
				ARCHS = i386;
				BUILD_ROOT = /Users/aye1/Dev/RV/Aye1;
				COPY_PHASE_STRIP = YES;
				DYLIB_COMPATIBILITY_VERSION = 1.0;
				DYLIB_CURRENT_VERSION = 1.0.0;
				GCC_GENERATE_DEBUGGING_SYMBOLS = NO;
				HEADER_SEARCH_PATHS = (
					/Library/Frameworks/QtCore.framework/Versions/4/Headers,
					/usr/include/QtCore,
					/Library/Frameworks/QtGui.framework/Versions/4/Headers,
					/usr/include/QtGui,
					/usr/include,
					.,
					.,
					/usr/local/include,
					/System/Library/Frameworks/CarbonCore.framework/Headers,
					"/usr/local/Qt4.6/mkspecs/macx-xcode",
				);
				INFOPLIST_FILE = Info.plist;
				LEXFLAGS = "";
				LIBRARY_SEARCH_PATHS = /Library/Frameworks;
				MACOSX_DEPLOYMENT_TARGET = 10.4;
				OTHER_CFLAGS = (
					"-pipe",
					"-g",
					"-Wall",
					"-W",
					"-DQT_GUI_LIB",
					"-DQT_CORE_LIB",
					"-DQT_SHARED",
				);
				OTHER_CPLUSPLUSFLAGS = (
					"-pipe",
					"-g",
					"-Wall",
					"-W",
					"-DQT_GUI_LIB",
					"-DQT_CORE_LIB",
					"-DQT_SHARED",
				);
				OTHER_LDFLAGS = (
					"-headerpad_max_install_names",
					"-L/Library/Frameworks",
					"-F/Library/Frameworks",
				);
				OTHER_REZFLAGS = "";
				PREBINDING = NO;
				PRODUCT_NAME = Aye1;
				SECTORDER_FLAGS = "";
				WARNING_CFLAGS = "";
				YACCFLAGS = "-d";
			};
			name = Release;
		};
		9EAAFB1F12A7DB870059956B /* Default */ = {
			isa = XCBuildConfiguration;
			buildSettings = {
				ARCHS = i386;
				BUILD_ROOT = /Users/aye1/Dev/RV/Aye1;
				DYLIB_COMPATIBILITY_VERSION = 1.0;
				DYLIB_CURRENT_VERSION = 1.0.0;
				HEADER_SEARCH_PATHS = (
					/Library/Frameworks/QtCore.framework/Versions/4/Headers,
					/usr/include/QtCore,
					/Library/Frameworks/QtGui.framework/Versions/4/Headers,
					/usr/include/QtGui,
					/usr/include,
					.,
					.,
					/usr/local/include,
					/System/Library/Frameworks/CarbonCore.framework/Headers,
					"/usr/local/Qt4.6/mkspecs/macx-xcode",
				);
				INFOPLIST_FILE = Info.plist;
				LEXFLAGS = "";
				LIBRARY_SEARCH_PATHS = /Library/Frameworks;
				MACOSX_DEPLOYMENT_TARGET = 10.4;
				OTHER_CFLAGS = (
					"-pipe",
					"-g",
					"-Wall",
					"-W",
					"-DQT_GUI_LIB",
					"-DQT_CORE_LIB",
					"-DQT_SHARED",
				);
				OTHER_CPLUSPLUSFLAGS = (
					"-pipe",
					"-g",
					"-Wall",
					"-W",
					"-DQT_GUI_LIB",
					"-DQT_CORE_LIB",
					"-DQT_SHARED",
				);
				OTHER_LDFLAGS = (
					"-headerpad_max_install_names",
					"-L/Library/Frameworks",
					"-F/Library/Frameworks",
				);
				OTHER_REZFLAGS = "";
				PREBINDING = NO;
				PRODUCT_NAME = Aye1;
				SECTORDER_FLAGS = "";
				WARNING_CFLAGS = "";
				YACCFLAGS = "-d";
			};
			name = Default;
		};
/* End XCBuildConfiguration section */

/* Begin XCConfigurationList section */
		2A951308CDB28F104D0A4BD2 /* Build configuration list for PBXProject "Aye1" */ = {
			isa = XCConfigurationList;
			buildConfigurations = (
				8DB1DD96F65B1BF1FFC506E0 /* Debug */,
				95E1EB2E5DDD587BE5B3E548 /* Release */,
			);
			defaultConfigurationIsVisible = 0;
			defaultConfigurationName = Release;
		};
		9EAAFB2E12A7DB910059956B /* Build configuration list for PBXNativeTarget "Aye1" */ = {
			isa = XCConfigurationList;
			buildConfigurations = (
				9EAAFB1D12A7DB870059956B /* Debug */,
				9EAAFB1E12A7DB870059956B /* Release */,
				9EAAFB1F12A7DB870059956B /* Default */,
			);
			defaultConfigurationIsVisible = 0;
			defaultConfigurationName = Default;
		};
/* End XCConfigurationList section */
	};
	rootObject = 91B15E841AA80083484172DE /* Project object */;
}
